
Microsoft Visual Studio Solution File, Format Version 12.00
# Visual Studio Version 16
VisualStudioVersion = 16.0.29306.81
MinimumVisualStudioVersion = 10.0.40219.1
Project("{FAE04EC0-301F-11D3-BF4B-00C04F79EFBC}") = "Quizz.Domain", "Quizz\Quizz.Domain.csproj", "{CB472E92-CD2A-479D-B531-629E2D1EA8CC}"
EndProject
Project("{FAE04EC0-301F-11D3-BF4B-00C04F79EFBC}") = "Quizz.Services", "Quizz.Services\Quizz.Services.csproj", "{AA3656A7-B996-4397-8D8C-B749F2D5E29F}"
EndProject
Project("{FAE04EC0-301F-11D3-BF4B-00C04F79EFBC}") = "TestQuizConsole", "TestQuizConsole\TestQuizConsole.csproj", "{2B908707-4425-4A7E-B96D-D1CCFEA871A4}"
EndProject
Project("{FAE04EC0-301F-11D3-BF4B-00C04F79EFBC}") = "Quizz.Web", "FilRouge.Web\Quizz.Web.csproj", "{6A206576-604A-4DE3-AA87-092C8250564C}"
EndProject
Global
	GlobalSection(SolutionConfigurationPlatforms) = preSolution
		Debug|Any CPU = Debug|Any CPU
		Release|Any CPU = Release|Any CPU
	EndGlobalSection
	GlobalSection(ProjectConfigurationPlatforms) = postSolution
		{CB472E92-CD2A-479D-B531-629E2D1EA8CC}.Debug|Any CPU.ActiveCfg = Debug|Any CPU
		{CB472E92-CD2A-479D-B531-629E2D1EA8CC}.Debug|Any CPU.Build.0 = Debug|Any CPU
		{CB472E92-CD2A-479D-B531-629E2D1EA8CC}.Release|Any CPU.ActiveCfg = Release|Any CPU
		{CB472E92-CD2A-479D-B531-629E2D1EA8CC}.Release|Any CPU.Build.0 = Release|Any CPU
		{AA3656A7-B996-4397-8D8C-B749F2D5E29F}.Debug|Any CPU.ActiveCfg = Debug|Any CPU
		{AA3656A7-B996-4397-8D8C-B749F2D5E29F}.Debug|Any CPU.Build.0 = Debug|Any CPU
		{AA3656A7-B996-4397-8D8C-B749F2D5E29F}.Release|Any CPU.ActiveCfg = Release|Any CPU
		{AA3656A7-B996-4397-8D8C-B749F2D5E29F}.Release|Any CPU.Build.0 = Release|Any CPU
		{2B908707-4425-4A7E-B96D-D1CCFEA871A4}.Debug|Any CPU.ActiveCfg = Debug|Any CPU
		{2B908707-4425-4A7E-B96D-D1CCFEA871A4}.Debug|Any CPU.Build.0 = Debug|Any CPU
		{2B908707-4425-4A7E-B96D-D1CCFEA871A4}.Release|Any CPU.ActiveCfg = Release|Any CPU
		{2B908707-4425-4A7E-B96D-D1CCFEA871A4}.Release|Any CPU.Build.0 = Release|Any CPU
		{6A206576-604A-4DE3-AA87-092C8250564C}.Debug|Any CPU.ActiveCfg = Debug|Any CPU
		{6A206576-604A-4DE3-AA87-092C8250564C}.Debug|Any CPU.Build.0 = Debug|Any CPU
		{6A206576-604A-4DE3-AA87-092C8250564C}.Release|Any CPU.ActiveCfg = Release|Any CPU
		{6A206576-604A-4DE3-AA87-092C8250564C}.Release|Any CPU.Build.0 = Release|Any CPU
	EndGlobalSection
	GlobalSection(SolutionProperties) = preSolution
		HideSolutionNode = FALSE
	EndGlobalSection
	GlobalSection(ExtensibilityGlobals) = postSolution
		SolutionGuid = {59FAA33E-F0CD-4EAA-8178-71EFD3B50DFA}
	EndGlobalSection
EndGlobal
